
Microsoft Visual Studio Solution File, Format Version 12.00
# Visual Studio 14
VisualStudioVersion = 14.0.25123.0
MinimumVisualStudioVersion = 10.0.40219.1
Project("{FAE04EC0-301F-11D3-BF4B-00C04F79EFBC}") = "NewtonMethod", "NewtonMethod\NewtonMethod.csproj", "{D913D318-DC73-497A-823E-B7AAF7023F20}"
EndProject
Project("{FAE04EC0-301F-11D3-BF4B-00C04F79EFBC}") = "NewtonMethod.UnitTests", "NewtonMethod.UnitTests\NewtonMethod.UnitTests.csproj", "{8895464B-8F6B-4279-B18D-CD5A269CE6BC}"
EndProject
Global
	GlobalSection(SolutionConfigurationPlatforms) = preSolution
		Debug|Any CPU = Debug|Any CPU
		Release|Any CPU = Release|Any CPU
	EndGlobalSection
	GlobalSection(ProjectConfigurationPlatforms) = postSolution
		{D913D318-DC73-497A-823E-B7AAF7023F20}.Debug|Any CPU.ActiveCfg = Debug|Any CPU
		{D913D318-DC73-497A-823E-B7AAF7023F20}.Debug|Any CPU.Build.0 = Debug|Any CPU
		{D913D318-DC73-497A-823E-B7AAF7023F20}.Release|Any CPU.ActiveCfg = Release|Any CPU
		{D913D318-DC73-497A-823E-B7AAF7023F20}.Release|Any CPU.Build.0 = Release|Any CPU
		{8895464B-8F6B-4279-B18D-CD5A269CE6BC}.Debug|Any CPU.ActiveCfg = Debug|Any CPU
		{8895464B-8F6B-4279-B18D-CD5A269CE6BC}.Debug|Any CPU.Build.0 = Debug|Any CPU
		{8895464B-8F6B-4279-B18D-CD5A269CE6BC}.Release|Any CPU.ActiveCfg = Release|Any CPU
		{8895464B-8F6B-4279-B18D-CD5A269CE6BC}.Release|Any CPU.Build.0 = Release|Any CPU
	EndGlobalSection
	GlobalSection(SolutionProperties) = preSolution
		HideSolutionNode = FALSE
	EndGlobalSection
EndGlobal
